
Microsoft Visual Studio Solution File, Format Version 12.00
# Visual Studio Version 17
VisualStudioVersion = 17.0.31903.59
MinimumVisualStudioVersion = 10.0.40219.1
Project("{2150E333-8FDC-42A3-9474-1A3956D46DE8}") = "src", "src", "{A7B391E4-DB09-4346-9359-0743756D952D}"
EndProject
Project("{2150E333-8FDC-42A3-9474-1A3956D46DE8}") = "tests", "tests", "{202C0659-E510-42A1-9851-FF1586A62BC7}"
EndProject
Project("{2150E333-8FDC-42A3-9474-1A3956D46DE8}") = "Core", "Core", "{F01B6FEC-DB07-4B2A-B676-813DF9104450}"
EndProject
Project("{2150E333-8FDC-42A3-9474-1A3956D46DE8}") = "Infrastructure", "Infrastructure", "{88CD5D5A-6BF4-48C0-83C5-BFBC941EE0D4}"
EndProject
Project("{2150E333-8FDC-42A3-9474-1A3956D46DE8}") = "Presentation", "Presentation", "{6A7CC2B2-2922-46DF-B1A4-8555E190F599}"
EndProject
Project("{9A19103F-16F7-4668-BE54-9A1E7A4F7556}") = "Domain", "Domain\Domain.csproj", "{643C753C-CC9A-4800-B96A-034282E14F79}"
EndProject
Project("{9A19103F-16F7-4668-BE54-9A1E7A4F7556}") = "Infrastructure", "Infrastructure\Infrastructure.csproj", "{7CAB5C2B-E20B-4B32-AF26-CDACF8A4492B}"
EndProject
Project("{9A19103F-16F7-4668-BE54-9A1E7A4F7556}") = "Application", "Application\Application.csproj", "{5A07B27F-788F-474D-B2F0-31755A3AA454}"
EndProject
Project("{2150E333-8FDC-42A3-9474-1A3956D46DE8}") = "UnitTest", "UnitTest", "{FEFB8ECF-76E2-4595-86CB-E4FAEAF5251B}"
EndProject
Project("{9A19103F-16F7-4668-BE54-9A1E7A4F7556}") = "DomainTest", "DomainTest\DomainTest.csproj", "{B505A084-446F-4C08-B3DC-8384A9D46075}"
EndProject
Project("{9A19103F-16F7-4668-BE54-9A1E7A4F7556}") = "ApplicationTests", "ApplicationTests\ApplicationTests.csproj", "{62FB938A-82AD-4C7A-B9E1-F342F77522E8}"
EndProject
Project("{9A19103F-16F7-4668-BE54-9A1E7A4F7556}") = "InfrastructureTests", "InfrastructureTests\InfrastructureTests.csproj", "{19F8E5A1-77DA-45FA-8063-965173F90D74}"
EndProject
Project("{FAE04EC0-301F-11D3-BF4B-00C04F79EFBC}") = "WebApi", "WebApi\WebApi.csproj", "{A836E6F3-B082-4E5C-BAE1-A7535003FA6A}"
EndProject
Global
	GlobalSection(SolutionConfigurationPlatforms) = preSolution
		Debug|Any CPU = Debug|Any CPU
		Release|Any CPU = Release|Any CPU
	EndGlobalSection
	GlobalSection(ProjectConfigurationPlatforms) = postSolution
		{643C753C-CC9A-4800-B96A-034282E14F79}.Debug|Any CPU.ActiveCfg = Debug|Any CPU
		{643C753C-CC9A-4800-B96A-034282E14F79}.Debug|Any CPU.Build.0 = Debug|Any CPU
		{643C753C-CC9A-4800-B96A-034282E14F79}.Release|Any CPU.ActiveCfg = Release|Any CPU
		{643C753C-CC9A-4800-B96A-034282E14F79}.Release|Any CPU.Build.0 = Release|Any CPU
		{7CAB5C2B-E20B-4B32-AF26-CDACF8A4492B}.Debug|Any CPU.ActiveCfg = Debug|Any CPU
		{7CAB5C2B-E20B-4B32-AF26-CDACF8A4492B}.Debug|Any CPU.Build.0 = Debug|Any CPU
		{7CAB5C2B-E20B-4B32-AF26-CDACF8A4492B}.Release|Any CPU.ActiveCfg = Release|Any CPU
		{7CAB5C2B-E20B-4B32-AF26-CDACF8A4492B}.Release|Any CPU.Build.0 = Release|Any CPU
		{5A07B27F-788F-474D-B2F0-31755A3AA454}.Debug|Any CPU.ActiveCfg = Debug|Any CPU
		{5A07B27F-788F-474D-B2F0-31755A3AA454}.Debug|Any CPU.Build.0 = Debug|Any CPU
		{5A07B27F-788F-474D-B2F0-31755A3AA454}.Release|Any CPU.ActiveCfg = Release|Any CPU
		{5A07B27F-788F-474D-B2F0-31755A3AA454}.Release|Any CPU.Build.0 = Release|Any CPU
		{B505A084-446F-4C08-B3DC-8384A9D46075}.Debug|Any CPU.ActiveCfg = Debug|Any CPU
		{B505A084-446F-4C08-B3DC-8384A9D46075}.Debug|Any CPU.Build.0 = Debug|Any CPU
		{B505A084-446F-4C08-B3DC-8384A9D46075}.Release|Any CPU.ActiveCfg = Release|Any CPU
		{B505A084-446F-4C08-B3DC-8384A9D46075}.Release|Any CPU.Build.0 = Release|Any CPU
		{62FB938A-82AD-4C7A-B9E1-F342F77522E8}.Debug|Any CPU.ActiveCfg = Debug|Any CPU
		{62FB938A-82AD-4C7A-B9E1-F342F77522E8}.Debug|Any CPU.Build.0 = Debug|Any CPU
		{62FB938A-82AD-4C7A-B9E1-F342F77522E8}.Release|Any CPU.ActiveCfg = Release|Any CPU
		{62FB938A-82AD-4C7A-B9E1-F342F77522E8}.Release|Any CPU.Build.0 = Release|Any CPU
		{19F8E5A1-77DA-45FA-8063-965173F90D74}.Debug|Any CPU.ActiveCfg = Debug|Any CPU
		{19F8E5A1-77DA-45FA-8063-965173F90D74}.Debug|Any CPU.Build.0 = Debug|Any CPU
		{19F8E5A1-77DA-45FA-8063-965173F90D74}.Release|Any CPU.ActiveCfg = Release|Any CPU
		{19F8E5A1-77DA-45FA-8063-965173F90D74}.Release|Any CPU.Build.0 = Release|Any CPU
		{A836E6F3-B082-4E5C-BAE1-A7535003FA6A}.Debug|Any CPU.ActiveCfg = Debug|Any CPU
		{A836E6F3-B082-4E5C-BAE1-A7535003FA6A}.Debug|Any CPU.Build.0 = Debug|Any CPU
		{A836E6F3-B082-4E5C-BAE1-A7535003FA6A}.Release|Any CPU.ActiveCfg = Release|Any CPU
		{A836E6F3-B082-4E5C-BAE1-A7535003FA6A}.Release|Any CPU.Build.0 = Release|Any CPU
	EndGlobalSection
	GlobalSection(SolutionProperties) = preSolution
		HideSolutionNode = FALSE
	EndGlobalSection
	GlobalSection(NestedProjects) = preSolution
		{F01B6FEC-DB07-4B2A-B676-813DF9104450} = {A7B391E4-DB09-4346-9359-0743756D952D}
		{88CD5D5A-6BF4-48C0-83C5-BFBC941EE0D4} = {A7B391E4-DB09-4346-9359-0743756D952D}
		{6A7CC2B2-2922-46DF-B1A4-8555E190F599} = {A7B391E4-DB09-4346-9359-0743756D952D}
		{643C753C-CC9A-4800-B96A-034282E14F79} = {F01B6FEC-DB07-4B2A-B676-813DF9104450}
		{7CAB5C2B-E20B-4B32-AF26-CDACF8A4492B} = {88CD5D5A-6BF4-48C0-83C5-BFBC941EE0D4}
		{5A07B27F-788F-474D-B2F0-31755A3AA454} = {F01B6FEC-DB07-4B2A-B676-813DF9104450}
		{FEFB8ECF-76E2-4595-86CB-E4FAEAF5251B} = {202C0659-E510-42A1-9851-FF1586A62BC7}
		{B505A084-446F-4C08-B3DC-8384A9D46075} = {FEFB8ECF-76E2-4595-86CB-E4FAEAF5251B}
		{62FB938A-82AD-4C7A-B9E1-F342F77522E8} = {FEFB8ECF-76E2-4595-86CB-E4FAEAF5251B}
		{19F8E5A1-77DA-45FA-8063-965173F90D74} = {FEFB8ECF-76E2-4595-86CB-E4FAEAF5251B}
		{A836E6F3-B082-4E5C-BAE1-A7535003FA6A} = {6A7CC2B2-2922-46DF-B1A4-8555E190F599}
	EndGlobalSection
	GlobalSection(ExtensibilityGlobals) = postSolution
		SolutionGuid = {3E243BE4-1F7F-4CF7-AE7A-33181171AE12}
	EndGlobalSection
EndGlobal
